// !$*UTF8*$!
{
	archiveVersion = 1;
	classes = {
	};
	objectVersion = 60;
	objects = {

/* Begin PBXBuildFile section */
		4C27B2552D8D644800AD7753 /* flutter_iosApp.swift in Sources */ = {isa = PBXBuildFile; fileRef = 4C27B2542D8D644800AD7753 /* flutter_iosApp.swift */; };
		4C27B2572D8D644800AD7753 /* ContentView.swift in Sources */ = {isa = PBXBuildFile; fileRef = 4C27B2562D8D644800AD7753 /* ContentView.swift */; };
		4C27B2592D8D644A00AD7753 /* Assets.xcassets in Resources */ = {isa = PBXBuildFile; fileRef = 4C27B2582D8D644A00AD7753 /* Assets.xcassets */; };
		4C27B25C2D8D644A00AD7753 /* Preview Assets.xcassets in Resources */ = {isa = PBXBuildFile; fileRef = 4C27B25B2D8D644A00AD7753 /* Preview Assets.xcassets */; };
		4C27B2662D8D644A00AD7753 /* flutter_iosTests.swift in Sources */ = {isa = PBXBuildFile; fileRef = 4C27B2652D8D644A00AD7753 /* flutter_iosTests.swift */; };
		4C27B2702D8D644A00AD7753 /* flutter_iosUITests.swift in Sources */ = {isa = PBXBuildFile; fileRef = 4C27B26F2D8D644A00AD7753 /* flutter_iosUITests.swift */; };
		4C27B2722D8D644A00AD7753 /* flutter_iosUITestsLaunchTests.swift in Sources */ = {isa = PBXBuildFile; fileRef = 4C27B2712D8D644A00AD7753 /* flutter_iosUITestsLaunchTests.swift */; };
		4C531B112D914A3F0018D7F1 /* FlutterManager.swift in Sources */ = {isa = PBXBuildFile; fileRef = 4C531B102D914A3F0018D7F1 /* FlutterManager.swift */; };
		4C531B132D914D4E0018D7F1 /* FlutterView.swift in Sources */ = {isa = PBXBuildFile; fileRef = 4C531B122D914D4E0018D7F1 /* FlutterView.swift */; };
		4CCBD2D92D8D67740072B072 /* App.xcframework in Frameworks */ = {isa = PBXBuildFile; fileRef = 4C27B2802D8D661100AD7753 /* App.xcframework */; };
		4CCBD2DA2D8D67740072B072 /* App.xcframework in Embed Frameworks */ = {isa = PBXBuildFile; fileRef = 4C27B2802D8D661100AD7753 /* App.xcframework */; settings = {ATTRIBUTES = (CodeSignOnCopy, RemoveHeadersOnCopy, ); }; };
		4CCBD2DC2D8D67760072B072 /* Flutter.xcframework in Frameworks */ = {isa = PBXBuildFile; fileRef = 4C27B27F2D8D661100AD7753 /* Flutter.xcframework */; };
		4CCBD2DD2D8D67760072B072 /* Flutter.xcframework in Embed Frameworks */ = {isa = PBXBuildFile; fileRef = 4C27B27F2D8D661100AD7753 /* Flutter.xcframework */; settings = {ATTRIBUTES = (CodeSignOnCopy, RemoveHeadersOnCopy, ); }; };
/* End PBXBuildFile section */

/* Begin PBXContainerItemProxy section */
		4C27B2622D8D644A00AD7753 /* PBXContainerItemProxy */ = {
			isa = PBXContainerItemProxy;
			containerPortal = 4C27B2492D8D644800AD7753 /* Project object */;
			proxyType = 1;
			remoteGlobalIDString = 4C27B2502D8D644800AD7753;
			remoteInfo = "flutter-ios";
		};
		4C27B26C2D8D644A00AD7753 /* PBXContainerItemProxy */ = {
			isa = PBXContainerItemProxy;
			containerPortal = 4C27B2492D8D644800AD7753 /* Project object */;
			proxyType = 1;
			remoteGlobalIDString = 4C27B2502D8D644800AD7753;
			remoteInfo = "flutter-ios";
		};
/* End PBXContainerItemProxy section */

/* Begin PBXCopyFilesBuildPhase section */
		4CCBD2DB2D8D67740072B072 /* Embed Frameworks */ = {
			isa = PBXCopyFilesBuildPhase;
			buildActionMask = 2147483647;
			dstPath = "";
			dstSubfolderSpec = 10;
			files = (
				4CCBD2DD2D8D67760072B072 /* Flutter.xcframework in Embed Frameworks */,
				4CCBD2DA2D8D67740072B072 /* App.xcframework in Embed Frameworks */,
			);
			name = "Embed Frameworks";
			runOnlyForDeploymentPostprocessing = 0;
		};
/* End PBXCopyFilesBuildPhase section */

/* Begin PBXFileReference section */
		4C09AB042D8D75DA008B73E3 /* Info-Release.plist */ = {isa = PBXFileReference; fileEncoding = 4; lastKnownFileType = text.plist.xml; path = "Info-Release.plist"; sourceTree = "<group>"; };
		4C27B2512D8D644800AD7753 /* flutter-ios.app */ = {isa = PBXFileReference; explicitFileType = wrapper.application; includeInIndex = 0; path = "flutter-ios.app"; sourceTree = BUILT_PRODUCTS_DIR; };
		4C27B2542D8D644800AD7753 /* flutter_iosApp.swift */ = {isa = PBXFileReference; lastKnownFileType = sourcecode.swift; path = flutter_iosApp.swift; sourceTree = "<group>"; };
		4C27B2562D8D644800AD7753 /* ContentView.swift */ = {isa = PBXFileReference; lastKnownFileType = sourcecode.swift; path = ContentView.swift; sourceTree = "<group>"; };
		4C27B2582D8D644A00AD7753 /* Assets.xcassets */ = {isa = PBXFileReference; lastKnownFileType = folder.assetcatalog; path = Assets.xcassets; sourceTree = "<group>"; };
		4C27B25B2D8D644A00AD7753 /* Preview Assets.xcassets */ = {isa = PBXFileReference; lastKnownFileType = folder.assetcatalog; path = "Preview Assets.xcassets"; sourceTree = "<group>"; };
		4C27B2612D8D644A00AD7753 /* flutter-iosTests.xctest */ = {isa = PBXFileReference; explicitFileType = wrapper.cfbundle; includeInIndex = 0; path = "flutter-iosTests.xctest"; sourceTree = BUILT_PRODUCTS_DIR; };
		4C27B2652D8D644A00AD7753 /* flutter_iosTests.swift */ = {isa = PBXFileReference; lastKnownFileType = sourcecode.swift; path = flutter_iosTests.swift; sourceTree = "<group>"; };
		4C27B26B2D8D644A00AD7753 /* flutter-iosUITests.xctest */ = {isa = PBXFileReference; explicitFileType = wrapper.cfbundle; includeInIndex = 0; path = "flutter-iosUITests.xctest"; sourceTree = BUILT_PRODUCTS_DIR; };
		4C27B26F2D8D644A00AD7753 /* flutter_iosUITests.swift */ = {isa = PBXFileReference; lastKnownFileType = sourcecode.swift; path = flutter_iosUITests.swift; sourceTree = "<group>"; };
		4C27B2712D8D644A00AD7753 /* flutter_iosUITestsLaunchTests.swift */ = {isa = PBXFileReference; lastKnownFileType = sourcecode.swift; path = flutter_iosUITestsLaunchTests.swift; sourceTree = "<group>"; };
		4C27B27F2D8D661100AD7753 /* Flutter.xcframework */ = {isa = PBXFileReference; expectedSignature = "AppleDeveloperProgram:S8QB4VV633:FLUTTER.IO LLC"; lastKnownFileType = wrapper.xcframework; name = Flutter.xcframework; path = "Flutter/$(CONFIGURATION)/Flutter.xcframework"; sourceTree = "<group>"; };
		4C27B2802D8D661100AD7753 /* App.xcframework */ = {isa = PBXFileReference; lastKnownFileType = wrapper.xcframework; name = App.xcframework; path = "Flutter/$(CONFIGURATION)/App.xcframework"; sourceTree = "<group>"; };
		4C531B102D914A3F0018D7F1 /* FlutterManager.swift */ = {isa = PBXFileReference; lastKnownFileType = sourcecode.swift; path = FlutterManager.swift; sourceTree = "<group>"; };
		4C531B122D914D4E0018D7F1 /* FlutterView.swift */ = {isa = PBXFileReference; lastKnownFileType = sourcecode.swift; path = FlutterView.swift; sourceTree = "<group>"; };
		4C69763B2D8D73E000498450 /* Info-Debug.plist */ = {isa = PBXFileReference; lastKnownFileType = text.plist.xml; path = "Info-Debug.plist"; sourceTree = "<group>"; };
/* End PBXFileReference section */

/* Begin PBXFrameworksBuildPhase section */
		4C27B24E2D8D644800AD7753 /* Frameworks */ = {
			isa = PBXFrameworksBuildPhase;
			buildActionMask = 2147483647;
			files = (
				4CCBD2DC2D8D67760072B072 /* Flutter.xcframework in Frameworks */,
				4CCBD2D92D8D67740072B072 /* App.xcframework in Frameworks */,
			);
			runOnlyForDeploymentPostprocessing = 0;
		};
		4C27B25E2D8D644A00AD7753 /* Frameworks */ = {
			isa = PBXFrameworksBuildPhase;
			buildActionMask = 2147483647;
			files = (
			);
			runOnlyForDeploymentPostprocessing = 0;
		};
		4C27B2682D8D644A00AD7753 /* Frameworks */ = {
			isa = PBXFrameworksBuildPhase;
			buildActionMask = 2147483647;
			files = (
			);
			runOnlyForDeploymentPostprocessing = 0;
		};
/* End PBXFrameworksBuildPhase section */

/* Begin PBXGroup section */
		4C27B2482D8D644800AD7753 = {
			isa = PBXGroup;
			children = (
				4C27B2532D8D644800AD7753 /* flutter-ios */,
				4C27B2642D8D644A00AD7753 /* flutter-iosTests */,
				4C27B26E2D8D644A00AD7753 /* flutter-iosUITests */,
				4C27B2522D8D644800AD7753 /* Products */,
				4C27B27E2D8D661000AD7753 /* Frameworks */,
			);
			sourceTree = "<group>";
		};
		4C27B2522D8D644800AD7753 /* Products */ = {
			isa = PBXGroup;
			children = (
				4C27B2512D8D644800AD7753 /* flutter-ios.app */,
				4C27B2612D8D644A00AD7753 /* flutter-iosTests.xctest */,
				4C27B26B2D8D644A00AD7753 /* flutter-iosUITests.xctest */,
			);
			name = Products;
			sourceTree = "<group>";
		};
		4C27B2532D8D644800AD7753 /* flutter-ios */ = {
			isa = PBXGroup;
			children = (
				4C69763B2D8D73E000498450 /* Info-Debug.plist */,
				4C09AB042D8D75DA008B73E3 /* Info-Release.plist */,
				4C27B2542D8D644800AD7753 /* flutter_iosApp.swift */,
				4C27B2562D8D644800AD7753 /* ContentView.swift */,
				4C27B2582D8D644A00AD7753 /* Assets.xcassets */,
				4C27B25A2D8D644A00AD7753 /* Preview Content */,
				4C531B102D914A3F0018D7F1 /* FlutterManager.swift */,
				4C531B122D914D4E0018D7F1 /* FlutterView.swift */,
			);
			path = "flutter-ios";
			sourceTree = "<group>";
		};
		4C27B25A2D8D644A00AD7753 /* Preview Content */ = {
			isa = PBXGroup;
			children = (
				4C27B25B2D8D644A00AD7753 /* Preview Assets.xcassets */,
			);
			path = "Preview Content";
			sourceTree = "<group>";
		};
		4C27B2642D8D644A00AD7753 /* flutter-iosTests */ = {
			isa = PBXGroup;
			children = (
				4C27B2652D8D644A00AD7753 /* flutter_iosTests.swift */,
			);
			path = "flutter-iosTests";
			sourceTree = "<group>";
		};
		4C27B26E2D8D644A00AD7753 /* flutter-iosUITests */ = {
			isa = PBXGroup;
			children = (
				4C27B26F2D8D644A00AD7753 /* flutter_iosUITests.swift */,
				4C27B2712D8D644A00AD7753 /* flutter_iosUITestsLaunchTests.swift */,
			);
			path = "flutter-iosUITests";
			sourceTree = "<group>";
		};
		4C27B27E2D8D661000AD7753 /* Frameworks */ = {
			isa = PBXGroup;
			children = (
				4C27B2802D8D661100AD7753 /* App.xcframework */,
				4C27B27F2D8D661100AD7753 /* Flutter.xcframework */,
			);
			name = Frameworks;
			sourceTree = "<group>";
		};
/* End PBXGroup section */

/* Begin PBXNativeTarget section */
		4C27B2502D8D644800AD7753 /* flutter-ios */ = {
			isa = PBXNativeTarget;
			buildConfigurationList = 4C27B2752D8D644A00AD7753 /* Build configuration list for PBXNativeTarget "flutter-ios" */;
			buildPhases = (
				4C27B24D2D8D644800AD7753 /* Sources */,
				4C27B24E2D8D644800AD7753 /* Frameworks */,
				4C27B24F2D8D644800AD7753 /* Resources */,
				4CCBD2DB2D8D67740072B072 /* Embed Frameworks */,
			);
			buildRules = (
			);
			dependencies = (
			);
			name = "flutter-ios";
			productName = "flutter-ios";
			productReference = 4C27B2512D8D644800AD7753 /* flutter-ios.app */;
			productType = "com.apple.product-type.application";
		};
		4C27B2602D8D644A00AD7753 /* flutter-iosTests */ = {
			isa = PBXNativeTarget;
			buildConfigurationList = 4C27B2782D8D644A00AD7753 /* Build configuration list for PBXNativeTarget "flutter-iosTests" */;
			buildPhases = (
				4C27B25D2D8D644A00AD7753 /* Sources */,
				4C27B25E2D8D644A00AD7753 /* Frameworks */,
				4C27B25F2D8D644A00AD7753 /* Resources */,
			);
			buildRules = (
			);
			dependencies = (
				4C27B2632D8D644A00AD7753 /* PBXTargetDependency */,
			);
			name = "flutter-iosTests";
			productName = "flutter-iosTests";
			productReference = 4C27B2612D8D644A00AD7753 /* flutter-iosTests.xctest */;
			productType = "com.apple.product-type.bundle.unit-test";
		};
		4C27B26A2D8D644A00AD7753 /* flutter-iosUITests */ = {
			isa = PBXNativeTarget;
			buildConfigurationList = 4C27B27B2D8D644A00AD7753 /* Build configuration list for PBXNativeTarget "flutter-iosUITests" */;
			buildPhases = (
				4C27B2672D8D644A00AD7753 /* Sources */,
				4C27B2682D8D644A00AD7753 /* Frameworks */,
				4C27B2692D8D644A00AD7753 /* Resources */,
			);
			buildRules = (
			);
			dependencies = (
				4C27B26D2D8D644A00AD7753 /* PBXTargetDependency */,
			);
			name = "flutter-iosUITests";
			productName = "flutter-iosUITests";
			productReference = 4C27B26B2D8D644A00AD7753 /* flutter-iosUITests.xctest */;
			productType = "com.apple.product-type.bundle.ui-testing";
		};
/* End PBXNativeTarget section */

/* Begin PBXProject section */
		4C27B2492D8D644800AD7753 /* Project object */ = {
			isa = PBXProject;
			attributes = {
				BuildIndependentTargetsInParallel = 1;
				LastSwiftUpdateCheck = 1520;
				LastUpgradeCheck = 1520;
				TargetAttributes = {
					4C27B2502D8D644800AD7753 = {
						CreatedOnToolsVersion = 15.2;
					};
					4C27B2602D8D644A00AD7753 = {
						CreatedOnToolsVersion = 15.2;
						TestTargetID = 4C27B2502D8D644800AD7753;
					};
					4C27B26A2D8D644A00AD7753 = {
						CreatedOnToolsVersion = 15.2;
						TestTargetID = 4C27B2502D8D644800AD7753;
					};
				};
			};
			buildConfigurationList = 4C27B24C2D8D644800AD7753 /* Build configuration list for PBXProject "flutter-ios" */;
			compatibilityVersion = "Xcode 14.0";
			developmentRegion = en;
			hasScannedForEncodings = 0;
			knownRegions = (
				en,
				Base,
			);
			mainGroup = 4C27B2482D8D644800AD7753;
			productRefGroup = 4C27B2522D8D644800AD7753 /* Products */;
			projectDirPath = "";
			projectRoot = "";
			targets = (
				4C27B2502D8D644800AD7753 /* flutter-ios */,
				4C27B2602D8D644A00AD7753 /* flutter-iosTests */,
				4C27B26A2D8D644A00AD7753 /* flutter-iosUITests */,
			);
		};
/* End PBXProject section */

/* Begin PBXResourcesBuildPhase section */
		4C27B24F2D8D644800AD7753 /* Resources */ = {
			isa = PBXResourcesBuildPhase;
			buildActionMask = 2147483647;
			files = (
				4C27B25C2D8D644A00AD7753 /* Preview Assets.xcassets in Resources */,
				4C27B2592D8D644A00AD7753 /* Assets.xcassets in Resources */,
			);
			runOnlyForDeploymentPostprocessing = 0;
		};
		4C27B25F2D8D644A00AD7753 /* Resources */ = {
			isa = PBXResourcesBuildPhase;
			buildActionMask = 2147483647;
			files = (
			);
			runOnlyForDeploymentPostprocessing = 0;
		};
		4C27B2692D8D644A00AD7753 /* Resources */ = {
			isa = PBXResourcesBuildPhase;
			buildActionMask = 2147483647;
			files = (
			);
			runOnlyForDeploymentPostprocessing = 0;
		};
/* End PBXResourcesBuildPhase section */

/* Begin PBXSourcesBuildPhase section */
		4C27B24D2D8D644800AD7753 /* Sources */ = {
			isa = PBXSourcesBuildPhase;
			buildActionMask = 2147483647;
			files = (
				4C27B2572D8D644800AD7753 /* ContentView.swift in Sources */,
				4C531B132D914D4E0018D7F1 /* FlutterView.swift in Sources */,
				4C531B112D914A3F0018D7F1 /* FlutterManager.swift in Sources */,
				4C27B2552D8D644800AD7753 /* flutter_iosApp.swift in Sources */,
			);
			runOnlyForDeploymentPostprocessing = 0;
		};
		4C27B25D2D8D644A00AD7753 /* Sources */ = {
			isa = PBXSourcesBuildPhase;
			buildActionMask = 2147483647;
			files = (
				4C27B2662D8D644A00AD7753 /* flutter_iosTests.swift in Sources */,
			);
			runOnlyForDeploymentPostprocessing = 0;
		};
		4C27B2672D8D644A00AD7753 /* Sources */ = {
			isa = PBXSourcesBuildPhase;
			buildActionMask = 2147483647;
			files = (
				4C27B2702D8D644A00AD7753 /* flutter_iosUITests.swift in Sources */,
				4C27B2722D8D644A00AD7753 /* flutter_iosUITestsLaunchTests.swift in Sources */,
			);
			runOnlyForDeploymentPostprocessing = 0;
		};
/* End PBXSourcesBuildPhase section */

/* Begin PBXTargetDependency section */
		4C27B2632D8D644A00AD7753 /* PBXTargetDependency */ = {
			isa = PBXTargetDependency;
			target = 4C27B2502D8D644800AD7753 /* flutter-ios */;
			targetProxy = 4C27B2622D8D644A00AD7753 /* PBXContainerItemProxy */;
		};
		4C27B26D2D8D644A00AD7753 /* PBXTargetDependency */ = {
			isa = PBXTargetDependency;
			target = 4C27B2502D8D644800AD7753 /* flutter-ios */;
			targetProxy = 4C27B26C2D8D644A00AD7753 /* PBXContainerItemProxy */;
		};
/* End PBXTargetDependency section */

/* Begin XCBuildConfiguration section */
		4C27B2732D8D644A00AD7753 /* Debug */ = {
			isa = XCBuildConfiguration;
			buildSettings = {
				ALWAYS_SEARCH_USER_PATHS = NO;
				ASSETCATALOG_COMPILER_GENERATE_SWIFT_ASSET_SYMBOL_EXTENSIONS = YES;
				CLANG_ANALYZER_NONNULL = YES;
				CLANG_ANALYZER_NUMBER_OBJECT_CONVERSION = YES_AGGRESSIVE;
				CLANG_CXX_LANGUAGE_STANDARD = "gnu++20";
				CLANG_ENABLE_MODULES = YES;
				CLANG_ENABLE_OBJC_ARC = YES;
				CLANG_ENABLE_OBJC_WEAK = YES;
				CLANG_WARN_BLOCK_CAPTURE_AUTORELEASING = YES;
				CLANG_WARN_BOOL_CONVERSION = YES;
				CLANG_WARN_COMMA = YES;
				CLANG_WARN_CONSTANT_CONVERSION = YES;
				CLANG_WARN_DEPRECATED_OBJC_IMPLEMENTATIONS = YES;
				CLANG_WARN_DIRECT_OBJC_ISA_USAGE = YES_ERROR;
				CLANG_WARN_DOCUMENTATION_COMMENTS = YES;
				CLANG_WARN_EMPTY_BODY = YES;
				CLANG_WARN_ENUM_CONVERSION = YES;
				CLANG_WARN_INFINITE_RECURSION = YES;
				CLANG_WARN_INT_CONVERSION = YES;
				CLANG_WARN_NON_LITERAL_NULL_CONVERSION = YES;
				CLANG_WARN_OBJC_IMPLICIT_RETAIN_SELF = YES;
				CLANG_WARN_OBJC_LITERAL_CONVERSION = YES;
				CLANG_WARN_OBJC_ROOT_CLASS = YES_ERROR;
				CLANG_WARN_QUOTED_INCLUDE_IN_FRAMEWORK_HEADER = YES;
				CLANG_WARN_RANGE_LOOP_ANALYSIS = YES;
				CLANG_WARN_STRICT_PROTOTYPES = YES;
				CLANG_WARN_SUSPICIOUS_MOVE = YES;
				CLANG_WARN_UNGUARDED_AVAILABILITY = YES_AGGRESSIVE;
				CLANG_WARN_UNREACHABLE_CODE = YES;
				CLANG_WARN__DUPLICATE_METHOD_MATCH = YES;
				COPY_PHASE_STRIP = NO;
				DEBUG_INFORMATION_FORMAT = dwarf;
				ENABLE_STRICT_OBJC_MSGSEND = YES;
				ENABLE_TESTABILITY = YES;
				ENABLE_USER_SCRIPT_SANDBOXING = YES;
				GCC_C_LANGUAGE_STANDARD = gnu17;
				GCC_DYNAMIC_NO_PIC = NO;
				GCC_NO_COMMON_BLOCKS = YES;
				GCC_OPTIMIZATION_LEVEL = 0;
				GCC_PREPROCESSOR_DEFINITIONS = (
					"DEBUG=1",
					"$(inherited)",
				);
				GCC_WARN_64_TO_32_BIT_CONVERSION = YES;
				GCC_WARN_ABOUT_RETURN_TYPE = YES_ERROR;
				GCC_WARN_UNDECLARED_SELECTOR = YES;
				GCC_WARN_UNINITIALIZED_AUTOS = YES_AGGRESSIVE;
				GCC_WARN_UNUSED_FUNCTION = YES;
				GCC_WARN_UNUSED_VARIABLE = YES;
				IPHONEOS_DEPLOYMENT_TARGET = 17.2;
				LOCALIZATION_PREFERS_STRING_CATALOGS = YES;
				MTL_ENABLE_DEBUG_INFO = INCLUDE_SOURCE;
				MTL_FAST_MATH = YES;
				ONLY_ACTIVE_ARCH = YES;
				SDKROOT = iphoneos;
				SWIFT_ACTIVE_COMPILATION_CONDITIONS = "DEBUG $(inherited)";
				SWIFT_OPTIMIZATION_LEVEL = "-Onone";
			};
			name = Debug;
		};
		4C27B2742D8D644A00AD7753 /* Release */ = {
			isa = XCBuildConfiguration;
			buildSettings = {
				ALWAYS_SEARCH_USER_PATHS = NO;
				ASSETCATALOG_COMPILER_GENERATE_SWIFT_ASSET_SYMBOL_EXTENSIONS = YES;
				CLANG_ANALYZER_NONNULL = YES;
				CLANG_ANALYZER_NUMBER_OBJECT_CONVERSION = YES_AGGRESSIVE;
				CLANG_CXX_LANGUAGE_STANDARD = "gnu++20";
				CLANG_ENABLE_MODULES = YES;
				CLANG_ENABLE_OBJC_ARC = YES;
				CLANG_ENABLE_OBJC_WEAK = YES;
				CLANG_WARN_BLOCK_CAPTURE_AUTORELEASING = YES;
				CLANG_WARN_BOOL_CONVERSION = YES;
				CLANG_WARN_COMMA = YES;
				CLANG_WARN_CONSTANT_CONVERSION = YES;
				CLANG_WARN_DEPRECATED_OBJC_IMPLEMENTATIONS = YES;
				CLANG_WARN_DIRECT_OBJC_ISA_USAGE = YES_ERROR;
				CLANG_WARN_DOCUMENTATION_COMMENTS = YES;
				CLANG_WARN_EMPTY_BODY = YES;
				CLANG_WARN_ENUM_CONVERSION = YES;
				CLANG_WARN_INFINITE_RECURSION = YES;
				CLANG_WARN_INT_CONVERSION = YES;
				CLANG_WARN_NON_LITERAL_NULL_CONVERSION = YES;
				CLANG_WARN_OBJC_IMPLICIT_RETAIN_SELF = YES;
				CLANG_WARN_OBJC_LITERAL_CONVERSION = YES;
				CLANG_WARN_OBJC_ROOT_CLASS = YES_ERROR;
				CLANG_WARN_QUOTED_INCLUDE_IN_FRAMEWORK_HEADER = YES;
				CLANG_WARN_RANGE_LOOP_ANALYSIS = YES;
				CLANG_WARN_STRICT_PROTOTYPES = YES;
				CLANG_WARN_SUSPICIOUS_MOVE = YES;
				CLANG_WARN_UNGUARDED_AVAILABILITY = YES_AGGRESSIVE;
				CLANG_WARN_UNREACHABLE_CODE = YES;
				CLANG_WARN__DUPLICATE_METHOD_MATCH = YES;
				COPY_PHASE_STRIP = NO;
				DEBUG_INFORMATION_FORMAT = "dwarf-with-dsym";
				ENABLE_NS_ASSERTIONS = NO;
				ENABLE_STRICT_OBJC_MSGSEND = YES;
				ENABLE_USER_SCRIPT_SANDBOXING = YES;
				GCC_C_LANGUAGE_STANDARD = gnu17;
				GCC_NO_COMMON_BLOCKS = YES;
				GCC_WARN_64_TO_32_BIT_CONVERSION = YES;
				GCC_WARN_ABOUT_RETURN_TYPE = YES_ERROR;
				GCC_WARN_UNDECLARED_SELECTOR = YES;
				GCC_WARN_UNINITIALIZED_AUTOS = YES_AGGRESSIVE;
				GCC_WARN_UNUSED_FUNCTION = YES;
				GCC_WARN_UNUSED_VARIABLE = YES;
				IPHONEOS_DEPLOYMENT_TARGET = 17.2;
				LOCALIZATION_PREFERS_STRING_CATALOGS = YES;
				MTL_ENABLE_DEBUG_INFO = NO;
				MTL_FAST_MATH = YES;
				SDKROOT = iphoneos;
				SWIFT_COMPILATION_MODE = wholemodule;
				VALIDATE_PRODUCT = YES;
			};
			name = Release;
		};
		4C27B2762D8D644A00AD7753 /* Debug */ = {
			isa = XCBuildConfiguration;
			buildSettings = {
				ASSETCATALOG_COMPILER_APPICON_NAME = AppIcon;
				ASSETCATALOG_COMPILER_GLOBAL_ACCENT_COLOR_NAME = AccentColor;
				CODE_SIGN_STYLE = Automatic;
				CURRENT_PROJECT_VERSION = 1;
				DEVELOPMENT_ASSET_PATHS = "\"flutter-ios/Preview Content\"";
				DEVELOPMENT_TEAM = 6HGX7JW529;
				ENABLE_PREVIEWS = YES;
				"EXCLUDED_ARCHS[sdk=iphonesimulator*]" = arm64;
				FRAMEWORK_SEARCH_PATHS = (
					"$(PROJECT_DIR)/Flutter/$(CONFIGURATION)",
					"$(inherited)",
				);
				GENERATE_INFOPLIST_FILE = YES;
				INFOPLIST_FILE = "flutter-ios/Info-$(CONFIGURATION).plist";
				INFOPLIST_KEY_UIApplicationSceneManifest_Generation = YES;
				INFOPLIST_KEY_UIApplicationSupportsIndirectInputEvents = YES;
				INFOPLIST_KEY_UILaunchScreen_Generation = YES;
				INFOPLIST_KEY_UISupportedInterfaceOrientations_iPad = "UIInterfaceOrientationPortrait UIInterfaceOrientationPortraitUpsideDown UIInterfaceOrientationLandscapeLeft UIInterfaceOrientationLandscapeRight";
				INFOPLIST_KEY_UISupportedInterfaceOrientations_iPhone = "UIInterfaceOrientationPortrait UIInterfaceOrientationLandscapeLeft UIInterfaceOrientationLandscapeRight";
				LD_RUNPATH_SEARCH_PATHS = (
					"$(inherited)",
					"@executable_path/Frameworks",
				);
				MARKETING_VERSION = 1.0;
				PRODUCT_BUNDLE_IDENTIFIER = "com.example.flutter-ios";
				PRODUCT_NAME = "$(TARGET_NAME)";
				SWIFT_EMIT_LOC_STRINGS = YES;
				SWIFT_VERSION = 5.0;
				TARGETED_DEVICE_FAMILY = "1,2";
			};
			name = Debug;
		};
		4C27B2772D8D644A00AD7753 /* Release */ = {
			isa = XCBuildConfiguration;
			buildSettings = {
				ASSETCATALOG_COMPILER_APPICON_NAME = AppIcon;
				ASSETCATALOG_COMPILER_GLOBAL_ACCENT_COLOR_NAME = AccentColor;
				CODE_SIGN_STYLE = Automatic;
				CURRENT_PROJECT_VERSION = 1;
				DEVELOPMENT_ASSET_PATHS = "\"flutter-ios/Preview Content\"";
				DEVELOPMENT_TEAM = 6HGX7JW529;
				ENABLE_PREVIEWS = YES;
				"EXCLUDED_ARCHS[sdk=iphonesimulator*]" = arm64;
				FRAMEWORK_SEARCH_PATHS = (
					"$(PROJECT_DIR)/Flutter/$(CONFIGURATION)",
					"$(inherited)",
				);
				GENERATE_INFOPLIST_FILE = YES;
				INFOPLIST_FILE = "flutter-ios/Info-$(CONFIGURATION).plist";
				INFOPLIST_KEY_UIApplicationSceneManifest_Generation = YES;
				INFOPLIST_KEY_UIApplicationSupportsIndirectInputEvents = YES;
				INFOPLIST_KEY_UILaunchScreen_Generation = YES;
				INFOPLIST_KEY_UISupportedInterfaceOrientations_iPad = "UIInterfaceOrientationPortrait UIInterfaceOrientationPortraitUpsideDown UIInterfaceOrientationLandscapeLeft UIInterfaceOrientationLandscapeRight";
				INFOPLIST_KEY_UISupportedInterfaceOrientations_iPhone = "UIInterfaceOrientationPortrait UIInterfaceOrientationLandscapeLeft UIInterfaceOrientationLandscapeRight";
				LD_RUNPATH_SEARCH_PATHS = (
					"$(inherited)",
					"@executable_path/Frameworks",
				);
				MARKETING_VERSION = 1.0;
				PRODUCT_BUNDLE_IDENTIFIER = "com.example.flutter-ios";
				PRODUCT_NAME = "$(TARGET_NAME)";
				SWIFT_EMIT_LOC_STRINGS = YES;
				SWIFT_VERSION = 5.0;
				TARGETED_DEVICE_FAMILY = "1,2";
			};
			name = Release;
		};
		4C27B2792D8D644A00AD7753 /* Debug */ = {
			isa = XCBuildConfiguration;
			buildSettings = {
				ALWAYS_EMBED_SWIFT_STANDARD_LIBRARIES = YES;
				BUNDLE_LOADER = "$(TEST_HOST)";
				CODE_SIGN_STYLE = Automatic;
				CURRENT_PROJECT_VERSION = 1;
				DEVELOPMENT_TEAM = 6HGX7JW529;
				GENERATE_INFOPLIST_FILE = YES;
				IPHONEOS_DEPLOYMENT_TARGET = 17.2;
				MARKETING_VERSION = 1.0;
				PRODUCT_BUNDLE_IDENTIFIER = "com.example.flutter-iosTests";
				PRODUCT_NAME = "$(TARGET_NAME)";
				SWIFT_EMIT_LOC_STRINGS = NO;
				SWIFT_VERSION = 5.0;
				TARGETED_DEVICE_FAMILY = "1,2";
				TEST_HOST = "$(BUILT_PRODUCTS_DIR)/flutter-ios.app/$(BUNDLE_EXECUTABLE_FOLDER_PATH)/flutter-ios";
			};
			name = Debug;
		};
		4C27B27A2D8D644A00AD7753 /* Release */ = {
			isa = XCBuildConfiguration;
			buildSettings = {
				ALWAYS_EMBED_SWIFT_STANDARD_LIBRARIES = YES;
				BUNDLE_LOADER = "$(TEST_HOST)";
				CODE_SIGN_STYLE = Automatic;
				CURRENT_PROJECT_VERSION = 1;
				DEVELOPMENT_TEAM = 6HGX7JW529;
				GENERATE_INFOPLIST_FILE = YES;
				IPHONEOS_DEPLOYMENT_TARGET = 17.2;
				MARKETING_VERSION = 1.0;
				PRODUCT_BUNDLE_IDENTIFIER = "com.example.flutter-iosTests";
				PRODUCT_NAME = "$(TARGET_NAME)";
				SWIFT_EMIT_LOC_STRINGS = NO;
				SWIFT_VERSION = 5.0;
				TARGETED_DEVICE_FAMILY = "1,2";
				TEST_HOST = "$(BUILT_PRODUCTS_DIR)/flutter-ios.app/$(BUNDLE_EXECUTABLE_FOLDER_PATH)/flutter-ios";
			};
			name = Release;
		};
		4C27B27C2D8D644A00AD7753 /* Debug */ = {
			isa = XCBuildConfiguration;
			buildSettings = {
				ALWAYS_EMBED_SWIFT_STANDARD_LIBRARIES = YES;
				CODE_SIGN_STYLE = Automatic;
				CURRENT_PROJECT_VERSION = 1;
				DEVELOPMENT_TEAM = 6HGX7JW529;
				GENERATE_INFOPLIST_FILE = YES;
				MARKETING_VERSION = 1.0;
				PRODUCT_BUNDLE_IDENTIFIER = "com.example.flutter-iosUITests";
				PRODUCT_NAME = "$(TARGET_NAME)";
				SWIFT_EMIT_LOC_STRINGS = NO;
				SWIFT_VERSION = 5.0;
				TARGETED_DEVICE_FAMILY = "1,2";
				TEST_TARGET_NAME = "flutter-ios";
			};
			name = Debug;
		};
		4C27B27D2D8D644A00AD7753 /* Release */ = {
			isa = XCBuildConfiguration;
			buildSettings = {
				ALWAYS_EMBED_SWIFT_STANDARD_LIBRARIES = YES;
				CODE_SIGN_STYLE = Automatic;
				CURRENT_PROJECT_VERSION = 1;
				DEVELOPMENT_TEAM = 6HGX7JW529;
				GENERATE_INFOPLIST_FILE = YES;
				MARKETING_VERSION = 1.0;
				PRODUCT_BUNDLE_IDENTIFIER = "com.example.flutter-iosUITests";
				PRODUCT_NAME = "$(TARGET_NAME)";
				SWIFT_EMIT_LOC_STRINGS = NO;
				SWIFT_VERSION = 5.0;
				TARGETED_DEVICE_FAMILY = "1,2";
				TEST_TARGET_NAME = "flutter-ios";
			};
			name = Release;
		};
/* End XCBuildConfiguration section */

/* Begin XCConfigurationList section */
		4C27B24C2D8D644800AD7753 /* Build configuration list for PBXProject "flutter-ios" */ = {
			isa = XCConfigurationList;
			buildConfigurations = (
				4C27B2732D8D644A00AD7753 /* Debug */,
				4C27B2742D8D644A00AD7753 /* Release */,
			);
			defaultConfigurationIsVisible = 0;
			defaultConfigurationName = Release;
		};
		4C27B2752D8D644A00AD7753 /* Build configuration list for PBXNativeTarget "flutter-ios" */ = {
			isa = XCConfigurationList;
			buildConfigurations = (
				4C27B2762D8D644A00AD7753 /* Debug */,
				4C27B2772D8D644A00AD7753 /* Release */,
			);
			defaultConfigurationIsVisible = 0;
			defaultConfigurationName = Release;
		};
		4C27B2782D8D644A00AD7753 /* Build configuration list for PBXNativeTarget "flutter-iosTests" */ = {
			isa = XCConfigurationList;
			buildConfigurations = (
				4C27B2792D8D644A00AD7753 /* Debug */,
				4C27B27A2D8D644A00AD7753 /* Release */,
			);
			defaultConfigurationIsVisible = 0;
			defaultConfigurationName = Release;
		};
		4C27B27B2D8D644A00AD7753 /* Build configuration list for PBXNativeTarget "flutter-iosUITests" */ = {
			isa = XCConfigurationList;
			buildConfigurations = (
				4C27B27C2D8D644A00AD7753 /* Debug */,
				4C27B27D2D8D644A00AD7753 /* Release */,
			);
			defaultConfigurationIsVisible = 0;
			defaultConfigurationName = Release;
		};
/* End XCConfigurationList section */
	};
	rootObject = 4C27B2492D8D644800AD7753 /* Project object */;
}
